
Microsoft Visual Studio Solution File, Format Version 12.00
# Visual Studio 14
VisualStudioVersion = 14.0.25420.1
MinimumVisualStudioVersion = 10.0.40219.1
Project("{2150E333-8FDC-42A3-9474-1A3956D46DE8}") = "src", "src", "{B7082E9D-4264-444C-9F60-80A6A86ABB2F}"
EndProject
Project("{2150E333-8FDC-42A3-9474-1A3956D46DE8}") = "Solution Items", "Solution Items", "{CCC7C27F-251D-418D-BE5E-5F1F84CB7F37}"
	ProjectSection(SolutionItems) = preProject
		global.json = global.json
	EndProjectSection
EndProject
Project("{8BB2217D-0F2D-49D1-97BC-3654ED321F3B}") = "ContainerDemoApp", "src\ContainerDemoApp\ContainerDemoApp.xproj", "{5D9E0BA7-998C-410C-9237-697B49DB2303}"
EndProject
Global
	GlobalSection(SolutionConfigurationPlatforms) = preSolution
		Debug|Any CPU = Debug|Any CPU
		Release|Any CPU = Release|Any CPU
	EndGlobalSection
	GlobalSection(ProjectConfigurationPlatforms) = postSolution
		{5D9E0BA7-998C-410C-9237-697B49DB2303}.Debug|Any CPU.ActiveCfg = Debug|Any CPU
		{5D9E0BA7-998C-410C-9237-697B49DB2303}.Debug|Any CPU.Build.0 = Debug|Any CPU
		{5D9E0BA7-998C-410C-9237-697B49DB2303}.Release|Any CPU.ActiveCfg = Release|Any CPU
		{5D9E0BA7-998C-410C-9237-697B49DB2303}.Release|Any CPU.Build.0 = Release|Any CPU
	EndGlobalSection
	GlobalSection(SolutionProperties) = preSolution
		HideSolutionNode = FALSE
	EndGlobalSection
	GlobalSection(NestedProjects) = preSolution
		{5D9E0BA7-998C-410C-9237-697B49DB2303} = {B7082E9D-4264-444C-9F60-80A6A86ABB2F}
	EndGlobalSection
EndGlobal
